
Microsoft Visual Studio Solution File, Format Version 12.00
# Visual Studio Version 16
VisualStudioVersion = 25.0.1705.0
MinimumVisualStudioVersion = 10.0.40219.1
Project("{FAE04EC0-301F-11D3-BF4B-00C04F79EFBC}") = "Tongji-AdvancedProgramming-Forum", "Tongji-AdvancedProgramming-Forum.csproj", "{8B661ED9-5878-40FC-B3A9-6A0D745785A5}"
EndProject
Global
	GlobalSection(SolutionConfigurationPlatforms) = preSolution
		Debug|Any CPU = Debug|Any CPU
		Release|Any CPU = Release|Any CPU
	EndGlobalSection
	GlobalSection(ProjectConfigurationPlatforms) = postSolution
		{8B661ED9-5878-40FC-B3A9-6A0D745785A5}.Debug|Any CPU.ActiveCfg = Debug|Any CPU
		{8B661ED9-5878-40FC-B3A9-6A0D745785A5}.Debug|Any CPU.Build.0 = Debug|Any CPU
		{8B661ED9-5878-40FC-B3A9-6A0D745785A5}.Release|Any CPU.ActiveCfg = Release|Any CPU
		{8B661ED9-5878-40FC-B3A9-6A0D745785A5}.Release|Any CPU.Build.0 = Release|Any CPU
	EndGlobalSection
	GlobalSection(SolutionProperties) = preSolution
		HideSolutionNode = FALSE
	EndGlobalSection
	GlobalSection(ExtensibilityGlobals) = postSolution
		SolutionGuid = {4FCEB093-5E05-4D88-BE6F-A00D0FB709BE}
	EndGlobalSection
EndGlobal
